
Microsoft Visual Studio Solution File, Format Version 12.00
# Visual Studio 15
VisualStudioVersion = 15.0.27004.2002
MinimumVisualStudioVersion = 10.0.40219.1
Project("{FAE04EC0-301F-11D3-BF4B-00C04F79EFBC}") = "GestionTickets.Android", "GestionTickets\GestionTickets.Android\GestionTickets.Android.csproj", "{C07C9326-55D1-4BD0-BB85-33EC9A5E7648}"
EndProject
Project("{FAE04EC0-301F-11D3-BF4B-00C04F79EFBC}") = "GestionTickets", "GestionTickets\GestionTickets\GestionTickets.csproj", "{30BC58E1-74EF-4FEA-9E5E-65A1CB57C8F8}"
EndProject
Project("{FAE04EC0-301F-11D3-BF4B-00C04F79EFBC}") = "GestionTickets.UWP", "GestionTickets\GestionTickets.UWP\GestionTickets.UWP.csproj", "{62456A0C-92B3-440C-B8F9-DE680257A576}"
EndProject
Project("{FAE04EC0-301F-11D3-BF4B-00C04F79EFBC}") = "GestionTickets.iOS", "GestionTickets\GestionTickets.iOS\GestionTickets.iOS.csproj", "{49727C11-206C-4CF2-BEC9-26E31C701852}"
EndProject
Project("{FAE04EC0-301F-11D3-BF4B-00C04F79EFBC}") = "GestionTickets.Domain", "GestionTickets.Domain\GestionTickets.Domain.csproj", "{6D2A3546-50CF-4B4D-9586-694FFB6CAC9A}"
EndProject
Project("{FAE04EC0-301F-11D3-BF4B-00C04F79EFBC}") = "GestionTickets.Backend", "GestionTickets.Backend\GestionTickets.Backend.csproj", "{53DF637C-E81F-4CA6-8754-C4DE108E968F}"
EndProject
Project("{FAE04EC0-301F-11D3-BF4B-00C04F79EFBC}") = "GestionTickets.API", "GestionTickets.API\GestionTickets.API.csproj", "{BD29716B-7AD7-4B13-A6CA-95177090164F}"
EndProject
Global
	GlobalSection(SolutionConfigurationPlatforms) = preSolution
		Ad-Hoc|Any CPU = Ad-Hoc|Any CPU
		Ad-Hoc|ARM = Ad-Hoc|ARM
		Ad-Hoc|iPhone = Ad-Hoc|iPhone
		Ad-Hoc|iPhoneSimulator = Ad-Hoc|iPhoneSimulator
		Ad-Hoc|x64 = Ad-Hoc|x64
		Ad-Hoc|x86 = Ad-Hoc|x86
		AppStore|Any CPU = AppStore|Any CPU
		AppStore|ARM = AppStore|ARM
		AppStore|iPhone = AppStore|iPhone
		AppStore|iPhoneSimulator = AppStore|iPhoneSimulator
		AppStore|x64 = AppStore|x64
		AppStore|x86 = AppStore|x86
		Debug|Any CPU = Debug|Any CPU
		Debug|ARM = Debug|ARM
		Debug|iPhone = Debug|iPhone
		Debug|iPhoneSimulator = Debug|iPhoneSimulator
		Debug|x64 = Debug|x64
		Debug|x86 = Debug|x86
		Release|Any CPU = Release|Any CPU
		Release|ARM = Release|ARM
		Release|iPhone = Release|iPhone
		Release|iPhoneSimulator = Release|iPhoneSimulator
		Release|x64 = Release|x64
		Release|x86 = Release|x86
	EndGlobalSection
	GlobalSection(ProjectConfigurationPlatforms) = postSolution
		{C07C9326-55D1-4BD0-BB85-33EC9A5E7648}.Ad-Hoc|Any CPU.ActiveCfg = Release|Any CPU
		{C07C9326-55D1-4BD0-BB85-33EC9A5E7648}.Ad-Hoc|Any CPU.Build.0 = Release|Any CPU
		{C07C9326-55D1-4BD0-BB85-33EC9A5E7648}.Ad-Hoc|Any CPU.Deploy.0 = Release|Any CPU
		{C07C9326-55D1-4BD0-BB85-33EC9A5E7648}.Ad-Hoc|ARM.ActiveCfg = Release|Any CPU
		{C07C9326-55D1-4BD0-BB85-33EC9A5E7648}.Ad-Hoc|ARM.Build.0 = Release|Any CPU
		{C07C9326-55D1-4BD0-BB85-33EC9A5E7648}.Ad-Hoc|ARM.Deploy.0 = Release|Any CPU
		{C07C9326-55D1-4BD0-BB85-33EC9A5E7648}.Ad-Hoc|iPhone.ActiveCfg = Release|Any CPU
		{C07C9326-55D1-4BD0-BB85-33EC9A5E7648}.Ad-Hoc|iPhone.Build.0 = Release|Any CPU
		{C07C9326-55D1-4BD0-BB85-33EC9A5E7648}.Ad-Hoc|iPhone.Deploy.0 = Release|Any CPU
		{C07C9326-55D1-4BD0-BB85-33EC9A5E7648}.Ad-Hoc|iPhoneSimulator.ActiveCfg = Release|Any CPU
		{C07C9326-55D1-4BD0-BB85-33EC9A5E7648}.Ad-Hoc|iPhoneSimulator.Build.0 = Release|Any CPU
		{C07C9326-55D1-4BD0-BB85-33EC9A5E7648}.Ad-Hoc|iPhoneSimulator.Deploy.0 = Release|Any CPU
		{C07C9326-55D1-4BD0-BB85-33EC9A5E7648}.Ad-Hoc|x64.ActiveCfg = Release|Any CPU
		{C07C9326-55D1-4BD0-BB85-33EC9A5E7648}.Ad-Hoc|x64.Build.0 = Release|Any CPU
		{C07C9326-55D1-4BD0-BB85-33EC9A5E7648}.Ad-Hoc|x64.Deploy.0 = Release|Any CPU
		{C07C9326-55D1-4BD0-BB85-33EC9A5E7648}.Ad-Hoc|x86.ActiveCfg = Release|Any CPU
		{C07C9326-55D1-4BD0-BB85-33EC9A5E7648}.Ad-Hoc|x86.Build.0 = Release|Any CPU
		{C07C9326-55D1-4BD0-BB85-33EC9A5E7648}.Ad-Hoc|x86.Deploy.0 = Release|Any CPU
		{C07C9326-55D1-4BD0-BB85-33EC9A5E7648}.AppStore|Any CPU.ActiveCfg = Release|Any CPU
		{C07C9326-55D1-4BD0-BB85-33EC9A5E7648}.AppStore|Any CPU.Build.0 = Release|Any CPU
		{C07C9326-55D1-4BD0-BB85-33EC9A5E7648}.AppStore|Any CPU.Deploy.0 = Release|Any CPU
		{C07C9326-55D1-4BD0-BB85-33EC9A5E7648}.AppStore|ARM.ActiveCfg = Release|Any CPU
		{C07C9326-55D1-4BD0-BB85-33EC9A5E7648}.AppStore|ARM.Build.0 = Release|Any CPU
		{C07C9326-55D1-4BD0-BB85-33EC9A5E7648}.AppStore|ARM.Deploy.0 = Release|Any CPU
		{C07C9326-55D1-4BD0-BB85-33EC9A5E7648}.AppStore|iPhone.ActiveCfg = Release|Any CPU
		{C07C9326-55D1-4BD0-BB85-33EC9A5E7648}.AppStore|iPhone.Build.0 = Release|Any CPU
		{C07C9326-55D1-4BD0-BB85-33EC9A5E7648}.AppStore|iPhone.Deploy.0 = Release|Any CPU
		{C07C9326-55D1-4BD0-BB85-33EC9A5E7648}.AppStore|iPhoneSimulator.ActiveCfg = Release|Any CPU
		{C07C9326-55D1-4BD0-BB85-33EC9A5E7648}.AppStore|iPhoneSimulator.Build.0 = Release|Any CPU
		{C07C9326-55D1-4BD0-BB85-33EC9A5E7648}.AppStore|iPhoneSimulator.Deploy.0 = Release|Any CPU
		{C07C9326-55D1-4BD0-BB85-33EC9A5E7648}.AppStore|x64.ActiveCfg = Release|Any CPU
		{C07C9326-55D1-4BD0-BB85-33EC9A5E7648}.AppStore|x64.Build.0 = Release|Any CPU
		{C07C9326-55D1-4BD0-BB85-33EC9A5E7648}.AppStore|x64.Deploy.0 = Release|Any CPU
		{C07C9326-55D1-4BD0-BB85-33EC9A5E7648}.AppStore|x86.ActiveCfg = Release|Any CPU
		{C07C9326-55D1-4BD0-BB85-33EC9A5E7648}.AppStore|x86.Build.0 = Release|Any CPU
		{C07C9326-55D1-4BD0-BB85-33EC9A5E7648}.AppStore|x86.Deploy.0 = Release|Any CPU
		{C07C9326-55D1-4BD0-BB85-33EC9A5E7648}.Debug|Any CPU.ActiveCfg = Debug|Any CPU
		{C07C9326-55D1-4BD0-BB85-33EC9A5E7648}.Debug|Any CPU.Build.0 = Debug|Any CPU
		{C07C9326-55D1-4BD0-BB85-33EC9A5E7648}.Debug|Any CPU.Deploy.0 = Debug|Any CPU
		{C07C9326-55D1-4BD0-BB85-33EC9A5E7648}.Debug|ARM.ActiveCfg = Debug|Any CPU
		{C07C9326-55D1-4BD0-BB85-33EC9A5E7648}.Debug|ARM.Build.0 = Debug|Any CPU
		{C07C9326-55D1-4BD0-BB85-33EC9A5E7648}.Debug|ARM.Deploy.0 = Debug|Any CPU
		{C07C9326-55D1-4BD0-BB85-33EC9A5E7648}.Debug|iPhone.ActiveCfg = Debug|Any CPU
		{C07C9326-55D1-4BD0-BB85-33EC9A5E7648}.Debug|iPhone.Build.0 = Debug|Any CPU
		{C07C9326-55D1-4BD0-BB85-33EC9A5E7648}.Debug|iPhone.Deploy.0 = Debug|Any CPU
		{C07C9326-55D1-4BD0-BB85-33EC9A5E7648}.Debug|iPhoneSimulator.ActiveCfg = Debug|Any CPU
		{C07C9326-55D1-4BD0-BB85-33EC9A5E7648}.Debug|iPhoneSimulator.Build.0 = Debug|Any CPU
		{C07C9326-55D1-4BD0-BB85-33EC9A5E7648}.Debug|iPhoneSimulator.Deploy.0 = Debug|Any CPU
		{C07C9326-55D1-4BD0-BB85-33EC9A5E7648}.Debug|x64.ActiveCfg = Debug|Any CPU
		{C07C9326-55D1-4BD0-BB85-33EC9A5E7648}.Debug|x64.Build.0 = Debug|Any CPU
		{C07C9326-55D1-4BD0-BB85-33EC9A5E7648}.Debug|x64.Deploy.0 = Debug|Any CPU
		{C07C9326-55D1-4BD0-BB85-33EC9A5E7648}.Debug|x86.ActiveCfg = Debug|Any CPU
		{C07C9326-55D1-4BD0-BB85-33EC9A5E7648}.Debug|x86.Build.0 = Debug|Any CPU
		{C07C9326-55D1-4BD0-BB85-33EC9A5E7648}.Debug|x86.Deploy.0 = Debug|Any CPU
		{C07C9326-55D1-4BD0-BB85-33EC9A5E7648}.Release|Any CPU.ActiveCfg = Release|Any CPU
		{C07C9326-55D1-4BD0-BB85-33EC9A5E7648}.Release|Any CPU.Build.0 = Release|Any CPU
		{C07C9326-55D1-4BD0-BB85-33EC9A5E7648}.Release|Any CPU.Deploy.0 = Release|Any CPU
		{C07C9326-55D1-4BD0-BB85-33EC9A5E7648}.Release|ARM.ActiveCfg = Release|Any CPU
		{C07C9326-55D1-4BD0-BB85-33EC9A5E7648}.Release|ARM.Build.0 = Release|Any CPU
		{C07C9326-55D1-4BD0-BB85-33EC9A5E7648}.Release|ARM.Deploy.0 = Release|Any CPU
		{C07C9326-55D1-4BD0-BB85-33EC9A5E7648}.Release|iPhone.ActiveCfg = Release|Any CPU
		{C07C9326-55D1-4BD0-BB85-33EC9A5E7648}.Release|iPhone.Build.0 = Release|Any CPU
		{C07C9326-55D1-4BD0-BB85-33EC9A5E7648}.Release|iPhone.Deploy.0 = Release|Any CPU
		{C07C9326-55D1-4BD0-BB85-33EC9A5E7648}.Release|iPhoneSimulator.ActiveCfg = Release|Any CPU
		{C07C9326-55D1-4BD0-BB85-33EC9A5E7648}.Release|iPhoneSimulator.Build.0 = Release|Any CPU
		{C07C9326-55D1-4BD0-BB85-33EC9A5E7648}.Release|iPhoneSimulator.Deploy.0 = Release|Any CPU
		{C07C9326-55D1-4BD0-BB85-33EC9A5E7648}.Release|x64.ActiveCfg = Release|Any CPU
		{C07C9326-55D1-4BD0-BB85-33EC9A5E7648}.Release|x64.Build.0 = Release|Any CPU
		{C07C9326-55D1-4BD0-BB85-33EC9A5E7648}.Release|x64.Deploy.0 = Release|Any CPU
		{C07C9326-55D1-4BD0-BB85-33EC9A5E7648}.Release|x86.ActiveCfg = Release|Any CPU
		{C07C9326-55D1-4BD0-BB85-33EC9A5E7648}.Release|x86.Build.0 = Release|Any CPU
		{C07C9326-55D1-4BD0-BB85-33EC9A5E7648}.Release|x86.Deploy.0 = Release|Any CPU
		{30BC58E1-74EF-4FEA-9E5E-65A1CB57C8F8}.Ad-Hoc|Any CPU.ActiveCfg = Release|Any CPU
		{30BC58E1-74EF-4FEA-9E5E-65A1CB57C8F8}.Ad-Hoc|Any CPU.Build.0 = Release|Any CPU
		{30BC58E1-74EF-4FEA-9E5E-65A1CB57C8F8}.Ad-Hoc|ARM.ActiveCfg = Release|Any CPU
		{30BC58E1-74EF-4FEA-9E5E-65A1CB57C8F8}.Ad-Hoc|ARM.Build.0 = Release|Any CPU
		{30BC58E1-74EF-4FEA-9E5E-65A1CB57C8F8}.Ad-Hoc|iPhone.ActiveCfg = Release|Any CPU
		{30BC58E1-74EF-4FEA-9E5E-65A1CB57C8F8}.Ad-Hoc|iPhone.Build.0 = Release|Any CPU
		{30BC58E1-74EF-4FEA-9E5E-65A1CB57C8F8}.Ad-Hoc|iPhoneSimulator.ActiveCfg = Release|Any CPU
		{30BC58E1-74EF-4FEA-9E5E-65A1CB57C8F8}.Ad-Hoc|iPhoneSimulator.Build.0 = Release|Any CPU
		{30BC58E1-74EF-4FEA-9E5E-65A1CB57C8F8}.Ad-Hoc|x64.ActiveCfg = Release|Any CPU
		{30BC58E1-74EF-4FEA-9E5E-65A1CB57C8F8}.Ad-Hoc|x64.Build.0 = Release|Any CPU
		{30BC58E1-74EF-4FEA-9E5E-65A1CB57C8F8}.Ad-Hoc|x86.ActiveCfg = Release|Any CPU
		{30BC58E1-74EF-4FEA-9E5E-65A1CB57C8F8}.Ad-Hoc|x86.Build.0 = Release|Any CPU
		{30BC58E1-74EF-4FEA-9E5E-65A1CB57C8F8}.AppStore|Any CPU.ActiveCfg = Release|Any CPU
		{30BC58E1-74EF-4FEA-9E5E-65A1CB57C8F8}.AppStore|Any CPU.Build.0 = Release|Any CPU
		{30BC58E1-74EF-4FEA-9E5E-65A1CB57C8F8}.AppStore|ARM.ActiveCfg = Release|Any CPU
		{30BC58E1-74EF-4FEA-9E5E-65A1CB57C8F8}.AppStore|ARM.Build.0 = Release|Any CPU
		{30BC58E1-74EF-4FEA-9E5E-65A1CB57C8F8}.AppStore|iPhone.ActiveCfg = Release|Any CPU
		{30BC58E1-74EF-4FEA-9E5E-65A1CB57C8F8}.AppStore|iPhone.Build.0 = Release|Any CPU
		{30BC58E1-74EF-4FEA-9E5E-65A1CB57C8F8}.AppStore|iPhoneSimulator.ActiveCfg = Release|Any CPU
		{30BC58E1-74EF-4FEA-9E5E-65A1CB57C8F8}.AppStore|iPhoneSimulator.Build.0 = Release|Any CPU
		{30BC58E1-74EF-4FEA-9E5E-65A1CB57C8F8}.AppStore|x64.ActiveCfg = Release|Any CPU
		{30BC58E1-74EF-4FEA-9E5E-65A1CB57C8F8}.AppStore|x64.Build.0 = Release|Any CPU
		{30BC58E1-74EF-4FEA-9E5E-65A1CB57C8F8}.AppStore|x86.ActiveCfg = Release|Any CPU
		{30BC58E1-74EF-4FEA-9E5E-65A1CB57C8F8}.AppStore|x86.Build.0 = Release|Any CPU
		{30BC58E1-74EF-4FEA-9E5E-65A1CB57C8F8}.Debug|Any CPU.ActiveCfg = Debug|Any CPU
		{30BC58E1-74EF-4FEA-9E5E-65A1CB57C8F8}.Debug|Any CPU.Build.0 = Debug|Any CPU
		{30BC58E1-74EF-4FEA-9E5E-65A1CB57C8F8}.Debug|ARM.ActiveCfg = Debug|Any CPU
		{30BC58E1-74EF-4FEA-9E5E-65A1CB57C8F8}.Debug|ARM.Build.0 = Debug|Any CPU
		{30BC58E1-74EF-4FEA-9E5E-65A1CB57C8F8}.Debug|iPhone.ActiveCfg = Debug|Any CPU
		{30BC58E1-74EF-4FEA-9E5E-65A1CB57C8F8}.Debug|iPhone.Build.0 = Debug|Any CPU
		{30BC58E1-74EF-4FEA-9E5E-65A1CB57C8F8}.Debug|iPhoneSimulator.ActiveCfg = Debug|Any CPU
		{30BC58E1-74EF-4FEA-9E5E-65A1CB57C8F8}.Debug|iPhoneSimulator.Build.0 = Debug|Any CPU
		{30BC58E1-74EF-4FEA-9E5E-65A1CB57C8F8}.Debug|x64.ActiveCfg = Debug|Any CPU
		{30BC58E1-74EF-4FEA-9E5E-65A1CB57C8F8}.Debug|x64.Build.0 = Debug|Any CPU
		{30BC58E1-74EF-4FEA-9E5E-65A1CB57C8F8}.Debug|x86.ActiveCfg = Debug|Any CPU
		{30BC58E1-74EF-4FEA-9E5E-65A1CB57C8F8}.Debug|x86.Build.0 = Debug|Any CPU
		{30BC58E1-74EF-4FEA-9E5E-65A1CB57C8F8}.Release|Any CPU.ActiveCfg = Release|Any CPU
		{30BC58E1-74EF-4FEA-9E5E-65A1CB57C8F8}.Release|Any CPU.Build.0 = Release|Any CPU
		{30BC58E1-74EF-4FEA-9E5E-65A1CB57C8F8}.Release|ARM.ActiveCfg = Release|Any CPU
		{30BC58E1-74EF-4FEA-9E5E-65A1CB57C8F8}.Release|ARM.Build.0 = Release|Any CPU
		{30BC58E1-74EF-4FEA-9E5E-65A1CB57C8F8}.Release|iPhone.ActiveCfg = Release|Any CPU
		{30BC58E1-74EF-4FEA-9E5E-65A1CB57C8F8}.Release|iPhone.Build.0 = Release|Any CPU
		{30BC58E1-74EF-4FEA-9E5E-65A1CB57C8F8}.Release|iPhoneSimulator.ActiveCfg = Release|Any CPU
		{30BC58E1-74EF-4FEA-9E5E-65A1CB57C8F8}.Release|iPhoneSimulator.Build.0 = Release|Any CPU
		{30BC58E1-74EF-4FEA-9E5E-65A1CB57C8F8}.Release|x64.ActiveCfg = Release|Any CPU
		{30BC58E1-74EF-4FEA-9E5E-65A1CB57C8F8}.Release|x64.Build.0 = Release|Any CPU
		{30BC58E1-74EF-4FEA-9E5E-65A1CB57C8F8}.Release|x86.ActiveCfg = Release|Any CPU
		{30BC58E1-74EF-4FEA-9E5E-65A1CB57C8F8}.Release|x86.Build.0 = Release|Any CPU
		{62456A0C-92B3-440C-B8F9-DE680257A576}.Ad-Hoc|Any CPU.ActiveCfg = Release|x86
		{62456A0C-92B3-440C-B8F9-DE680257A576}.Ad-Hoc|Any CPU.Build.0 = Release|x86
		{62456A0C-92B3-440C-B8F9-DE680257A576}.Ad-Hoc|Any CPU.Deploy.0 = Release|x86
		{62456A0C-92B3-440C-B8F9-DE680257A576}.Ad-Hoc|ARM.ActiveCfg = Release|ARM
		{62456A0C-92B3-440C-B8F9-DE680257A576}.Ad-Hoc|ARM.Build.0 = Release|ARM
		{62456A0C-92B3-440C-B8F9-DE680257A576}.Ad-Hoc|ARM.Deploy.0 = Release|ARM
		{62456A0C-92B3-440C-B8F9-DE680257A576}.Ad-Hoc|iPhone.ActiveCfg = Release|x86
		{62456A0C-92B3-440C-B8F9-DE680257A576}.Ad-Hoc|iPhone.Build.0 = Release|x86
		{62456A0C-92B3-440C-B8F9-DE680257A576}.Ad-Hoc|iPhone.Deploy.0 = Release|x86
		{62456A0C-92B3-440C-B8F9-DE680257A576}.Ad-Hoc|iPhoneSimulator.ActiveCfg = Release|x86
		{62456A0C-92B3-440C-B8F9-DE680257A576}.Ad-Hoc|iPhoneSimulator.Build.0 = Release|x86
		{62456A0C-92B3-440C-B8F9-DE680257A576}.Ad-Hoc|iPhoneSimulator.Deploy.0 = Release|x86
		{62456A0C-92B3-440C-B8F9-DE680257A576}.Ad-Hoc|x64.ActiveCfg = Release|x64
		{62456A0C-92B3-440C-B8F9-DE680257A576}.Ad-Hoc|x64.Build.0 = Release|x64
		{62456A0C-92B3-440C-B8F9-DE680257A576}.Ad-Hoc|x64.Deploy.0 = Release|x64
		{62456A0C-92B3-440C-B8F9-DE680257A576}.Ad-Hoc|x86.ActiveCfg = Release|x86
		{62456A0C-92B3-440C-B8F9-DE680257A576}.Ad-Hoc|x86.Build.0 = Release|x86
		{62456A0C-92B3-440C-B8F9-DE680257A576}.Ad-Hoc|x86.Deploy.0 = Release|x86
		{62456A0C-92B3-440C-B8F9-DE680257A576}.AppStore|Any CPU.ActiveCfg = Release|x86
		{62456A0C-92B3-440C-B8F9-DE680257A576}.AppStore|Any CPU.Build.0 = Release|x86
		{62456A0C-92B3-440C-B8F9-DE680257A576}.AppStore|Any CPU.Deploy.0 = Release|x86
		{62456A0C-92B3-440C-B8F9-DE680257A576}.AppStore|ARM.ActiveCfg = Release|ARM
		{62456A0C-92B3-440C-B8F9-DE680257A576}.AppStore|ARM.Build.0 = Release|ARM
		{62456A0C-92B3-440C-B8F9-DE680257A576}.AppStore|ARM.Deploy.0 = Release|ARM
		{62456A0C-92B3-440C-B8F9-DE680257A576}.AppStore|iPhone.ActiveCfg = Release|x86
		{62456A0C-92B3-440C-B8F9-DE680257A576}.AppStore|iPhone.Build.0 = Release|x86
		{62456A0C-92B3-440C-B8F9-DE680257A576}.AppStore|iPhone.Deploy.0 = Release|x86
		{62456A0C-92B3-440C-B8F9-DE680257A576}.AppStore|iPhoneSimulator.ActiveCfg = Release|x86
		{62456A0C-92B3-440C-B8F9-DE680257A576}.AppStore|iPhoneSimulator.Build.0 = Release|x86
		{62456A0C-92B3-440C-B8F9-DE680257A576}.AppStore|iPhoneSimulator.Deploy.0 = Release|x86
		{62456A0C-92B3-440C-B8F9-DE680257A576}.AppStore|x64.ActiveCfg = Release|x64
		{62456A0C-92B3-440C-B8F9-DE680257A576}.AppStore|x64.Build.0 = Release|x64
		{62456A0C-92B3-440C-B8F9-DE680257A576}.AppStore|x64.Deploy.0 = Release|x64
		{62456A0C-92B3-440C-B8F9-DE680257A576}.AppStore|x86.ActiveCfg = Release|x86
		{62456A0C-92B3-440C-B8F9-DE680257A576}.AppStore|x86.Build.0 = Release|x86
		{62456A0C-92B3-440C-B8F9-DE680257A576}.AppStore|x86.Deploy.0 = Release|x86
		{62456A0C-92B3-440C-B8F9-DE680257A576}.Debug|Any CPU.ActiveCfg = Debug|x86
		{62456A0C-92B3-440C-B8F9-DE680257A576}.Debug|ARM.ActiveCfg = Debug|ARM
		{62456A0C-92B3-440C-B8F9-DE680257A576}.Debug|ARM.Build.0 = Debug|ARM
		{62456A0C-92B3-440C-B8F9-DE680257A576}.Debug|ARM.Deploy.0 = Debug|ARM
		{62456A0C-92B3-440C-B8F9-DE680257A576}.Debug|iPhone.ActiveCfg = Debug|x86
		{62456A0C-92B3-440C-B8F9-DE680257A576}.Debug|iPhoneSimulator.ActiveCfg = Debug|x86
		{62456A0C-92B3-440C-B8F9-DE680257A576}.Debug|x64.ActiveCfg = Debug|x64
		{62456A0C-92B3-440C-B8F9-DE680257A576}.Debug|x64.Build.0 = Debug|x64
		{62456A0C-92B3-440C-B8F9-DE680257A576}.Debug|x64.Deploy.0 = Debug|x64
		{62456A0C-92B3-440C-B8F9-DE680257A576}.Debug|x86.ActiveCfg = Debug|x86
		{62456A0C-92B3-440C-B8F9-DE680257A576}.Debug|x86.Build.0 = Debug|x86
		{62456A0C-92B3-440C-B8F9-DE680257A576}.Debug|x86.Deploy.0 = Debug|x86
		{62456A0C-92B3-440C-B8F9-DE680257A576}.Release|Any CPU.ActiveCfg = Release|x86
		{62456A0C-92B3-440C-B8F9-DE680257A576}.Release|ARM.ActiveCfg = Release|ARM
		{62456A0C-92B3-440C-B8F9-DE680257A576}.Release|ARM.Build.0 = Release|ARM
		{62456A0C-92B3-440C-B8F9-DE680257A576}.Release|ARM.Deploy.0 = Release|ARM
		{62456A0C-92B3-440C-B8F9-DE680257A576}.Release|iPhone.ActiveCfg = Release|x86
		{62456A0C-92B3-440C-B8F9-DE680257A576}.Release|iPhoneSimulator.ActiveCfg = Release|x86
		{62456A0C-92B3-440C-B8F9-DE680257A576}.Release|x64.ActiveCfg = Release|x64
		{62456A0C-92B3-440C-B8F9-DE680257A576}.Release|x64.Build.0 = Release|x64
		{62456A0C-92B3-440C-B8F9-DE680257A576}.Release|x64.Deploy.0 = Release|x64
		{62456A0C-92B3-440C-B8F9-DE680257A576}.Release|x86.ActiveCfg = Release|x86
		{62456A0C-92B3-440C-B8F9-DE680257A576}.Release|x86.Build.0 = Release|x86
		{62456A0C-92B3-440C-B8F9-DE680257A576}.Release|x86.Deploy.0 = Release|x86
		{49727C11-206C-4CF2-BEC9-26E31C701852}.Ad-Hoc|Any CPU.ActiveCfg = Ad-Hoc|iPhoneSimulator
		{49727C11-206C-4CF2-BEC9-26E31C701852}.Ad-Hoc|ARM.ActiveCfg = Ad-Hoc|iPhone
		{49727C11-206C-4CF2-BEC9-26E31C701852}.Ad-Hoc|iPhone.ActiveCfg = Ad-Hoc|iPhone
		{49727C11-206C-4CF2-BEC9-26E31C701852}.Ad-Hoc|iPhone.Build.0 = Ad-Hoc|iPhone
		{49727C11-206C-4CF2-BEC9-26E31C701852}.Ad-Hoc|iPhoneSimulator.ActiveCfg = Ad-Hoc|iPhoneSimulator
		{49727C11-206C-4CF2-BEC9-26E31C701852}.Ad-Hoc|iPhoneSimulator.Build.0 = Ad-Hoc|iPhoneSimulator
		{49727C11-206C-4CF2-BEC9-26E31C701852}.Ad-Hoc|x64.ActiveCfg = Ad-Hoc|iPhone
		{49727C11-206C-4CF2-BEC9-26E31C701852}.Ad-Hoc|x86.ActiveCfg = Ad-Hoc|iPhone
		{49727C11-206C-4CF2-BEC9-26E31C701852}.AppStore|Any CPU.ActiveCfg = AppStore|iPhoneSimulator
		{49727C11-206C-4CF2-BEC9-26E31C701852}.AppStore|ARM.ActiveCfg = AppStore|iPhone
		{49727C11-206C-4CF2-BEC9-26E31C701852}.AppStore|iPhone.ActiveCfg = AppStore|iPhone
		{49727C11-206C-4CF2-BEC9-26E31C701852}.AppStore|iPhone.Build.0 = AppStore|iPhone
		{49727C11-206C-4CF2-BEC9-26E31C701852}.AppStore|iPhoneSimulator.ActiveCfg = AppStore|iPhoneSimulator
		{49727C11-206C-4CF2-BEC9-26E31C701852}.AppStore|iPhoneSimulator.Build.0 = AppStore|iPhoneSimulator
		{49727C11-206C-4CF2-BEC9-26E31C701852}.AppStore|x64.ActiveCfg = AppStore|iPhone
		{49727C11-206C-4CF2-BEC9-26E31C701852}.AppStore|x86.ActiveCfg = AppStore|iPhone
		{49727C11-206C-4CF2-BEC9-26E31C701852}.Debug|Any CPU.ActiveCfg = Debug|iPhoneSimulator
		{49727C11-206C-4CF2-BEC9-26E31C701852}.Debug|ARM.ActiveCfg = Debug|iPhone
		{49727C11-206C-4CF2-BEC9-26E31C701852}.Debug|iPhone.ActiveCfg = Debug|iPhone
		{49727C11-206C-4CF2-BEC9-26E31C701852}.Debug|iPhone.Build.0 = Debug|iPhone
		{49727C11-206C-4CF2-BEC9-26E31C701852}.Debug|iPhoneSimulator.ActiveCfg = Debug|iPhoneSimulator
		{49727C11-206C-4CF2-BEC9-26E31C701852}.Debug|iPhoneSimulator.Build.0 = Debug|iPhoneSimulator
		{49727C11-206C-4CF2-BEC9-26E31C701852}.Debug|x64.ActiveCfg = Debug|iPhone
		{49727C11-206C-4CF2-BEC9-26E31C701852}.Debug|x86.ActiveCfg = Debug|iPhone
		{49727C11-206C-4CF2-BEC9-26E31C701852}.Release|Any CPU.ActiveCfg = Release|iPhoneSimulator
		{49727C11-206C-4CF2-BEC9-26E31C701852}.Release|ARM.ActiveCfg = Release|iPhone
		{49727C11-206C-4CF2-BEC9-26E31C701852}.Release|iPhone.ActiveCfg = Release|iPhone
		{49727C11-206C-4CF2-BEC9-26E31C701852}.Release|iPhone.Build.0 = Release|iPhone
		{49727C11-206C-4CF2-BEC9-26E31C701852}.Release|iPhoneSimulator.ActiveCfg = Release|iPhoneSimulator
		{49727C11-206C-4CF2-BEC9-26E31C701852}.Release|iPhoneSimulator.Build.0 = Release|iPhoneSimulator
		{49727C11-206C-4CF2-BEC9-26E31C701852}.Release|x64.ActiveCfg = Release|iPhone
		{49727C11-206C-4CF2-BEC9-26E31C701852}.Release|x86.ActiveCfg = Release|iPhone
		{6D2A3546-50CF-4B4D-9586-694FFB6CAC9A}.Ad-Hoc|Any CPU.ActiveCfg = Release|Any CPU
		{6D2A3546-50CF-4B4D-9586-694FFB6CAC9A}.Ad-Hoc|Any CPU.Build.0 = Release|Any CPU
		{6D2A3546-50CF-4B4D-9586-694FFB6CAC9A}.Ad-Hoc|ARM.ActiveCfg = Release|Any CPU
		{6D2A3546-50CF-4B4D-9586-694FFB6CAC9A}.Ad-Hoc|ARM.Build.0 = Release|Any CPU
		{6D2A3546-50CF-4B4D-9586-694FFB6CAC9A}.Ad-Hoc|iPhone.ActiveCfg = Release|Any CPU
		{6D2A3546-50CF-4B4D-9586-694FFB6CAC9A}.Ad-Hoc|iPhone.Build.0 = Release|Any CPU
		{6D2A3546-50CF-4B4D-9586-694FFB6CAC9A}.Ad-Hoc|iPhoneSimulator.ActiveCfg = Release|Any CPU
		{6D2A3546-50CF-4B4D-9586-694FFB6CAC9A}.Ad-Hoc|iPhoneSimulator.Build.0 = Release|Any CPU
		{6D2A3546-50CF-4B4D-9586-694FFB6CAC9A}.Ad-Hoc|x64.ActiveCfg = Release|Any CPU
		{6D2A3546-50CF-4B4D-9586-694FFB6CAC9A}.Ad-Hoc|x64.Build.0 = Release|Any CPU
		{6D2A3546-50CF-4B4D-9586-694FFB6CAC9A}.Ad-Hoc|x86.ActiveCfg = Release|Any CPU
		{6D2A3546-50CF-4B4D-9586-694FFB6CAC9A}.Ad-Hoc|x86.Build.0 = Release|Any CPU
		{6D2A3546-50CF-4B4D-9586-694FFB6CAC9A}.AppStore|Any CPU.ActiveCfg = Release|Any CPU
		{6D2A3546-50CF-4B4D-9586-694FFB6CAC9A}.AppStore|Any CPU.Build.0 = Release|Any CPU
		{6D2A3546-50CF-4B4D-9586-694FFB6CAC9A}.AppStore|ARM.ActiveCfg = Release|Any CPU
		{6D2A3546-50CF-4B4D-9586-694FFB6CAC9A}.AppStore|ARM.Build.0 = Release|Any CPU
		{6D2A3546-50CF-4B4D-9586-694FFB6CAC9A}.AppStore|iPhone.ActiveCfg = Release|Any CPU
		{6D2A3546-50CF-4B4D-9586-694FFB6CAC9A}.AppStore|iPhone.Build.0 = Release|Any CPU
		{6D2A3546-50CF-4B4D-9586-694FFB6CAC9A}.AppStore|iPhoneSimulator.ActiveCfg = Release|Any CPU
		{6D2A3546-50CF-4B4D-9586-694FFB6CAC9A}.AppStore|iPhoneSimulator.Build.0 = Release|Any CPU
		{6D2A3546-50CF-4B4D-9586-694FFB6CAC9A}.AppStore|x64.ActiveCfg = Release|Any CPU
		{6D2A3546-50CF-4B4D-9586-694FFB6CAC9A}.AppStore|x64.Build.0 = Release|Any CPU
		{6D2A3546-50CF-4B4D-9586-694FFB6CAC9A}.AppStore|x86.ActiveCfg = Release|Any CPU
		{6D2A3546-50CF-4B4D-9586-694FFB6CAC9A}.AppStore|x86.Build.0 = Release|Any CPU
		{6D2A3546-50CF-4B4D-9586-694FFB6CAC9A}.Debug|Any CPU.ActiveCfg = Debug|Any CPU
		{6D2A3546-50CF-4B4D-9586-694FFB6CAC9A}.Debug|Any CPU.Build.0 = Debug|Any CPU
		{6D2A3546-50CF-4B4D-9586-694FFB6CAC9A}.Debug|ARM.ActiveCfg = Debug|Any CPU
		{6D2A3546-50CF-4B4D-9586-694FFB6CAC9A}.Debug|ARM.Build.0 = Debug|Any CPU
		{6D2A3546-50CF-4B4D-9586-694FFB6CAC9A}.Debug|iPhone.ActiveCfg = Debug|Any CPU
		{6D2A3546-50CF-4B4D-9586-694FFB6CAC9A}.Debug|iPhone.Build.0 = Debug|Any CPU
		{6D2A3546-50CF-4B4D-9586-694FFB6CAC9A}.Debug|iPhoneSimulator.ActiveCfg = Debug|Any CPU
		{6D2A3546-50CF-4B4D-9586-694FFB6CAC9A}.Debug|iPhoneSimulator.Build.0 = Debug|Any CPU
		{6D2A3546-50CF-4B4D-9586-694FFB6CAC9A}.Debug|x64.ActiveCfg = Debug|Any CPU
		{6D2A3546-50CF-4B4D-9586-694FFB6CAC9A}.Debug|x64.Build.0 = Debug|Any CPU
		{6D2A3546-50CF-4B4D-9586-694FFB6CAC9A}.Debug|x86.ActiveCfg = Debug|Any CPU
		{6D2A3546-50CF-4B4D-9586-694FFB6CAC9A}.Debug|x86.Build.0 = Debug|Any CPU
		{6D2A3546-50CF-4B4D-9586-694FFB6CAC9A}.Release|Any CPU.ActiveCfg = Release|Any CPU
		{6D2A3546-50CF-4B4D-9586-694FFB6CAC9A}.Release|Any CPU.Build.0 = Release|Any CPU
		{6D2A3546-50CF-4B4D-9586-694FFB6CAC9A}.Release|ARM.ActiveCfg = Release|Any CPU
		{6D2A3546-50CF-4B4D-9586-694FFB6CAC9A}.Release|ARM.Build.0 = Release|Any CPU
		{6D2A3546-50CF-4B4D-9586-694FFB6CAC9A}.Release|iPhone.ActiveCfg = Release|Any CPU
		{6D2A3546-50CF-4B4D-9586-694FFB6CAC9A}.Release|iPhone.Build.0 = Release|Any CPU
		{6D2A3546-50CF-4B4D-9586-694FFB6CAC9A}.Release|iPhoneSimulator.ActiveCfg = Release|Any CPU
		{6D2A3546-50CF-4B4D-9586-694FFB6CAC9A}.Release|iPhoneSimulator.Build.0 = Release|Any CPU
		{6D2A3546-50CF-4B4D-9586-694FFB6CAC9A}.Release|x64.ActiveCfg = Release|Any CPU
		{6D2A3546-50CF-4B4D-9586-694FFB6CAC9A}.Release|x64.Build.0 = Release|Any CPU
		{6D2A3546-50CF-4B4D-9586-694FFB6CAC9A}.Release|x86.ActiveCfg = Release|Any CPU
		{6D2A3546-50CF-4B4D-9586-694FFB6CAC9A}.Release|x86.Build.0 = Release|Any CPU
		{53DF637C-E81F-4CA6-8754-C4DE108E968F}.Ad-Hoc|Any CPU.ActiveCfg = Release|Any CPU
		{53DF637C-E81F-4CA6-8754-C4DE108E968F}.Ad-Hoc|Any CPU.Build.0 = Release|Any CPU
		{53DF637C-E81F-4CA6-8754-C4DE108E968F}.Ad-Hoc|ARM.ActiveCfg = Release|Any CPU
		{53DF637C-E81F-4CA6-8754-C4DE108E968F}.Ad-Hoc|ARM.Build.0 = Release|Any CPU
		{53DF637C-E81F-4CA6-8754-C4DE108E968F}.Ad-Hoc|iPhone.ActiveCfg = Release|Any CPU
		{53DF637C-E81F-4CA6-8754-C4DE108E968F}.Ad-Hoc|iPhone.Build.0 = Release|Any CPU
		{53DF637C-E81F-4CA6-8754-C4DE108E968F}.Ad-Hoc|iPhoneSimulator.ActiveCfg = Release|Any CPU
		{53DF637C-E81F-4CA6-8754-C4DE108E968F}.Ad-Hoc|iPhoneSimulator.Build.0 = Release|Any CPU
		{53DF637C-E81F-4CA6-8754-C4DE108E968F}.Ad-Hoc|x64.ActiveCfg = Release|Any CPU
		{53DF637C-E81F-4CA6-8754-C4DE108E968F}.Ad-Hoc|x64.Build.0 = Release|Any CPU
		{53DF637C-E81F-4CA6-8754-C4DE108E968F}.Ad-Hoc|x86.ActiveCfg = Release|Any CPU
		{53DF637C-E81F-4CA6-8754-C4DE108E968F}.Ad-Hoc|x86.Build.0 = Release|Any CPU
		{53DF637C-E81F-4CA6-8754-C4DE108E968F}.AppStore|Any CPU.ActiveCfg = Release|Any CPU
		{53DF637C-E81F-4CA6-8754-C4DE108E968F}.AppStore|Any CPU.Build.0 = Release|Any CPU
		{53DF637C-E81F-4CA6-8754-C4DE108E968F}.AppStore|ARM.ActiveCfg = Release|Any CPU
		{53DF637C-E81F-4CA6-8754-C4DE108E968F}.AppStore|ARM.Build.0 = Release|Any CPU
		{53DF637C-E81F-4CA6-8754-C4DE108E968F}.AppStore|iPhone.ActiveCfg = Release|Any CPU
		{53DF637C-E81F-4CA6-8754-C4DE108E968F}.AppStore|iPhone.Build.0 = Release|Any CPU
		{53DF637C-E81F-4CA6-8754-C4DE108E968F}.AppStore|iPhoneSimulator.ActiveCfg = Release|Any CPU
		{53DF637C-E81F-4CA6-8754-C4DE108E968F}.AppStore|iPhoneSimulator.Build.0 = Release|Any CPU
		{53DF637C-E81F-4CA6-8754-C4DE108E968F}.AppStore|x64.ActiveCfg = Release|Any CPU
		{53DF637C-E81F-4CA6-8754-C4DE108E968F}.AppStore|x64.Build.0 = Release|Any CPU
		{53DF637C-E81F-4CA6-8754-C4DE108E968F}.AppStore|x86.ActiveCfg = Release|Any CPU
		{53DF637C-E81F-4CA6-8754-C4DE108E968F}.AppStore|x86.Build.0 = Release|Any CPU
		{53DF637C-E81F-4CA6-8754-C4DE108E968F}.Debug|Any CPU.ActiveCfg = Debug|Any CPU
		{53DF637C-E81F-4CA6-8754-C4DE108E968F}.Debug|Any CPU.Build.0 = Debug|Any CPU
		{53DF637C-E81F-4CA6-8754-C4DE108E968F}.Debug|ARM.ActiveCfg = Debug|Any CPU
		{53DF637C-E81F-4CA6-8754-C4DE108E968F}.Debug|ARM.Build.0 = Debug|Any CPU
		{53DF637C-E81F-4CA6-8754-C4DE108E968F}.Debug|iPhone.ActiveCfg = Debug|Any CPU
		{53DF637C-E81F-4CA6-8754-C4DE108E968F}.Debug|iPhone.Build.0 = Debug|Any CPU
		{53DF637C-E81F-4CA6-8754-C4DE108E968F}.Debug|iPhoneSimulator.ActiveCfg = Debug|Any CPU
		{53DF637C-E81F-4CA6-8754-C4DE108E968F}.Debug|iPhoneSimulator.Build.0 = Debug|Any CPU
		{53DF637C-E81F-4CA6-8754-C4DE108E968F}.Debug|x64.ActiveCfg = Debug|Any CPU
		{53DF637C-E81F-4CA6-8754-C4DE108E968F}.Debug|x64.Build.0 = Debug|Any CPU
		{53DF637C-E81F-4CA6-8754-C4DE108E968F}.Debug|x86.ActiveCfg = Debug|Any CPU
		{53DF637C-E81F-4CA6-8754-C4DE108E968F}.Debug|x86.Build.0 = Debug|Any CPU
		{53DF637C-E81F-4CA6-8754-C4DE108E968F}.Release|Any CPU.ActiveCfg = Release|Any CPU
		{53DF637C-E81F-4CA6-8754-C4DE108E968F}.Release|Any CPU.Build.0 = Release|Any CPU
		{53DF637C-E81F-4CA6-8754-C4DE108E968F}.Release|ARM.ActiveCfg = Release|Any CPU
		{53DF637C-E81F-4CA6-8754-C4DE108E968F}.Release|ARM.Build.0 = Release|Any CPU
		{53DF637C-E81F-4CA6-8754-C4DE108E968F}.Release|iPhone.ActiveCfg = Release|Any CPU
		{53DF637C-E81F-4CA6-8754-C4DE108E968F}.Release|iPhone.Build.0 = Release|Any CPU
		{53DF637C-E81F-4CA6-8754-C4DE108E968F}.Release|iPhoneSimulator.ActiveCfg = Release|Any CPU
		{53DF637C-E81F-4CA6-8754-C4DE108E968F}.Release|iPhoneSimulator.Build.0 = Release|Any CPU
		{53DF637C-E81F-4CA6-8754-C4DE108E968F}.Release|x64.ActiveCfg = Release|Any CPU
		{53DF637C-E81F-4CA6-8754-C4DE108E968F}.Release|x64.Build.0 = Release|Any CPU
		{53DF637C-E81F-4CA6-8754-C4DE108E968F}.Release|x86.ActiveCfg = Release|Any CPU
		{53DF637C-E81F-4CA6-8754-C4DE108E968F}.Release|x86.Build.0 = Release|Any CPU
		{BD29716B-7AD7-4B13-A6CA-95177090164F}.Ad-Hoc|Any CPU.ActiveCfg = Release|Any CPU
		{BD29716B-7AD7-4B13-A6CA-95177090164F}.Ad-Hoc|Any CPU.Build.0 = Release|Any CPU
		{BD29716B-7AD7-4B13-A6CA-95177090164F}.Ad-Hoc|ARM.ActiveCfg = Release|Any CPU
		{BD29716B-7AD7-4B13-A6CA-95177090164F}.Ad-Hoc|ARM.Build.0 = Release|Any CPU
		{BD29716B-7AD7-4B13-A6CA-95177090164F}.Ad-Hoc|iPhone.ActiveCfg = Release|Any CPU
		{BD29716B-7AD7-4B13-A6CA-95177090164F}.Ad-Hoc|iPhone.Build.0 = Release|Any CPU
		{BD29716B-7AD7-4B13-A6CA-95177090164F}.Ad-Hoc|iPhoneSimulator.ActiveCfg = Release|Any CPU
		{BD29716B-7AD7-4B13-A6CA-95177090164F}.Ad-Hoc|iPhoneSimulator.Build.0 = Release|Any CPU
		{BD29716B-7AD7-4B13-A6CA-95177090164F}.Ad-Hoc|x64.ActiveCfg = Release|Any CPU
		{BD29716B-7AD7-4B13-A6CA-95177090164F}.Ad-Hoc|x64.Build.0 = Release|Any CPU
		{BD29716B-7AD7-4B13-A6CA-95177090164F}.Ad-Hoc|x86.ActiveCfg = Release|Any CPU
		{BD29716B-7AD7-4B13-A6CA-95177090164F}.Ad-Hoc|x86.Build.0 = Release|Any CPU
		{BD29716B-7AD7-4B13-A6CA-95177090164F}.AppStore|Any CPU.ActiveCfg = Release|Any CPU
		{BD29716B-7AD7-4B13-A6CA-95177090164F}.AppStore|Any CPU.Build.0 = Release|Any CPU
		{BD29716B-7AD7-4B13-A6CA-95177090164F}.AppStore|ARM.ActiveCfg = Release|Any CPU
		{BD29716B-7AD7-4B13-A6CA-95177090164F}.AppStore|ARM.Build.0 = Release|Any CPU
		{BD29716B-7AD7-4B13-A6CA-95177090164F}.AppStore|iPhone.ActiveCfg = Release|Any CPU
		{BD29716B-7AD7-4B13-A6CA-95177090164F}.AppStore|iPhone.Build.0 = Release|Any CPU
		{BD29716B-7AD7-4B13-A6CA-95177090164F}.AppStore|iPhoneSimulator.ActiveCfg = Release|Any CPU
		{BD29716B-7AD7-4B13-A6CA-95177090164F}.AppStore|iPhoneSimulator.Build.0 = Release|Any CPU
		{BD29716B-7AD7-4B13-A6CA-95177090164F}.AppStore|x64.ActiveCfg = Release|Any CPU
		{BD29716B-7AD7-4B13-A6CA-95177090164F}.AppStore|x64.Build.0 = Release|Any CPU
		{BD29716B-7AD7-4B13-A6CA-95177090164F}.AppStore|x86.ActiveCfg = Release|Any CPU
		{BD29716B-7AD7-4B13-A6CA-95177090164F}.AppStore|x86.Build.0 = Release|Any CPU
		{BD29716B-7AD7-4B13-A6CA-95177090164F}.Debug|Any CPU.ActiveCfg = Debug|Any CPU
		{BD29716B-7AD7-4B13-A6CA-95177090164F}.Debug|Any CPU.Build.0 = Debug|Any CPU
		{BD29716B-7AD7-4B13-A6CA-95177090164F}.Debug|ARM.ActiveCfg = Debug|Any CPU
		{BD29716B-7AD7-4B13-A6CA-95177090164F}.Debug|ARM.Build.0 = Debug|Any CPU
		{BD29716B-7AD7-4B13-A6CA-95177090164F}.Debug|iPhone.ActiveCfg = Debug|Any CPU
		{BD29716B-7AD7-4B13-A6CA-95177090164F}.Debug|iPhone.Build.0 = Debug|Any CPU
		{BD29716B-7AD7-4B13-A6CA-95177090164F}.Debug|iPhoneSimulator.ActiveCfg = Debug|Any CPU
		{BD29716B-7AD7-4B13-A6CA-95177090164F}.Debug|iPhoneSimulator.Build.0 = Debug|Any CPU
		{BD29716B-7AD7-4B13-A6CA-95177090164F}.Debug|x64.ActiveCfg = Debug|Any CPU
		{BD29716B-7AD7-4B13-A6CA-95177090164F}.Debug|x64.Build.0 = Debug|Any CPU
		{BD29716B-7AD7-4B13-A6CA-95177090164F}.Debug|x86.ActiveCfg = Debug|Any CPU
		{BD29716B-7AD7-4B13-A6CA-95177090164F}.Debug|x86.Build.0 = Debug|Any CPU
		{BD29716B-7AD7-4B13-A6CA-95177090164F}.Release|Any CPU.ActiveCfg = Release|Any CPU
		{BD29716B-7AD7-4B13-A6CA-95177090164F}.Release|Any CPU.Build.0 = Release|Any CPU
		{BD29716B-7AD7-4B13-A6CA-95177090164F}.Release|ARM.ActiveCfg = Release|Any CPU
		{BD29716B-7AD7-4B13-A6CA-95177090164F}.Release|ARM.Build.0 = Release|Any CPU
		{BD29716B-7AD7-4B13-A6CA-95177090164F}.Release|iPhone.ActiveCfg = Release|Any CPU
		{BD29716B-7AD7-4B13-A6CA-95177090164F}.Release|iPhone.Build.0 = Release|Any CPU
		{BD29716B-7AD7-4B13-A6CA-95177090164F}.Release|iPhoneSimulator.ActiveCfg = Release|Any CPU
		{BD29716B-7AD7-4B13-A6CA-95177090164F}.Release|iPhoneSimulator.Build.0 = Release|Any CPU
		{BD29716B-7AD7-4B13-A6CA-95177090164F}.Release|x64.ActiveCfg = Release|Any CPU
		{BD29716B-7AD7-4B13-A6CA-95177090164F}.Release|x64.Build.0 = Release|Any CPU
		{BD29716B-7AD7-4B13-A6CA-95177090164F}.Release|x86.ActiveCfg = Release|Any CPU
		{BD29716B-7AD7-4B13-A6CA-95177090164F}.Release|x86.Build.0 = Release|Any CPU
	EndGlobalSection
	GlobalSection(SolutionProperties) = preSolution
		HideSolutionNode = FALSE
	EndGlobalSection
	GlobalSection(ExtensibilityGlobals) = postSolution
		SolutionGuid = {E04E0FE5-705A-41BE-847D-584EDCDFE950}
	EndGlobalSection
EndGlobal
